
Microsoft Visual Studio Solution File, Format Version 12.00
# Visual Studio Version 17
VisualStudioVersion = 17.1.32210.238
MinimumVisualStudioVersion = 10.0.40219.1
Project("{FAE04EC0-301F-11D3-BF4B-00C04F79EFBC}") = "BlazorWinForms1", "BlazorWinForms1\BlazorWinForms1.csproj", "{2B718CBD-0FF9-42E8-B231-580E739D2F61}"
EndProject
Global
	GlobalSection(SolutionConfigurationPlatforms) = preSolution
		Debug|Any CPU = Debug|Any CPU
		Release|Any CPU = Release|Any CPU
	EndGlobalSection
	GlobalSection(ProjectConfigurationPlatforms) = postSolution
		{2B718CBD-0FF9-42E8-B231-580E739D2F61}.Debug|Any CPU.ActiveCfg = Debug|Any CPU
		{2B718CBD-0FF9-42E8-B231-580E739D2F61}.Debug|Any CPU.Build.0 = Debug|Any CPU
		{2B718CBD-0FF9-42E8-B231-580E739D2F61}.Release|Any CPU.ActiveCfg = Release|Any CPU
		{2B718CBD-0FF9-42E8-B231-580E739D2F61}.Release|Any CPU.Build.0 = Release|Any CPU
	EndGlobalSection
	GlobalSection(SolutionProperties) = preSolution
		HideSolutionNode = FALSE
	EndGlobalSection
	GlobalSection(ExtensibilityGlobals) = postSolution
		SolutionGuid = {81088246-7EC5-417D-A122-9033F83F2BDA}
	EndGlobalSection
EndGlobal
